
Microsoft Visual Studio Solution File, Format Version 12.00
# Visual Studio Version 17
VisualStudioVersion = 17.6.33815.320
MinimumVisualStudioVersion = 10.0.40219.1
Project("{FAE04EC0-301F-11D3-BF4B-00C04F79EFBC}") = "ASPsec5-1.16", "ASPsec5-1.16\ASPsec5-1.16.csproj", "{FBDFB1E4-2AFD-4B5E-A81F-C374FFA5B4C5}"
EndProject
Global
	GlobalSection(SolutionConfigurationPlatforms) = preSolution
		Debug|Any CPU = Debug|Any CPU
		Release|Any CPU = Release|Any CPU
	EndGlobalSection
	GlobalSection(ProjectConfigurationPlatforms) = postSolution
		{FBDFB1E4-2AFD-4B5E-A81F-C374FFA5B4C5}.Debug|Any CPU.ActiveCfg = Debug|Any CPU
		{FBDFB1E4-2AFD-4B5E-A81F-C374FFA5B4C5}.Debug|Any CPU.Build.0 = Debug|Any CPU
		{FBDFB1E4-2AFD-4B5E-A81F-C374FFA5B4C5}.Release|Any CPU.ActiveCfg = Release|Any CPU
		{FBDFB1E4-2AFD-4B5E-A81F-C374FFA5B4C5}.Release|Any CPU.Build.0 = Release|Any CPU
	EndGlobalSection
	GlobalSection(SolutionProperties) = preSolution
		HideSolutionNode = FALSE
	EndGlobalSection
	GlobalSection(ExtensibilityGlobals) = postSolution
		SolutionGuid = {05A340E9-CFB8-40F9-BD1E-490AF2269AAB}
	EndGlobalSection
EndGlobal
